# claude-tdd-pro plugin lock file
#
# This file is the source-of-truth pin for the upstream claude-tdd-pro plugin
# consumed by this repo. It is the operational form of architectural rule R-2
# ("versioned consumption, by reference") and the unit-of-bump for rule R-5
# ("contract changes are bilateral and explicit").
#
# Update via:  scripts/sync-plugin.sh --update
# Check via:   scripts/sync-plugin.sh --check  (run automatically at SessionStart)
#
# Any --update that changes a contract_surface_files entry requires an ADR.
# See: docs/architecture-principles.md §15, docs/plugin-sync.md
#
# DO NOT edit by hand unless you also write an ADR.

schema_version: 1

upstream_repo:   https://github.com/drumfiend21/claude-tdd-pro
pinned_branch:   main
pinned_commit:   4668c2ed0e3133faa1898f00dbf7b234452088b7
pinned_at:       2026-07-01T00:08:06+00:00
pinned_message:  "v1.18 §28.40-28.69 -- Consumer Compatibility Contract (CTP side of P-9) + 80-tool composite engine + single-config surface + native fallback/universal enforcer + govern-before-write + both-paths pre-write + co-design/path-tagging/agnosticism + EO-security build-out (58 commits ahead of 230e99d; ADR-0072)"

# The contract surface — files in upstream this repo's architecture depends on.
# Each entry is hashed at pin time; sync-plugin.sh re-hashes upstream HEAD and
# compares. Hash drift on ANY of these files = a contract-surface change =
# requires an ADR before bumping the pin.
contract_surface_files:
  - path:   CLAUDE.md
    sha256: 814e43c20a0809582f56d4d597d20d2993ff51e180823ffac07f6cfb579c48da
  - path:   docs/architecture-v1.9.md
    sha256: a2c34ace22f0057df27de56e530b2dc85856fc65e130f72733da43f005decd63
  - path:   .claude/skills/tdd-pro-cl-workflow/SKILL.md
    sha256: 82e6dc5d7e827e0bd83080a63869ce5de13a04c1570aeb2a794607ba8a4de924
  - path:   .claude/skills/tdd-pro-batch-cl/SKILL.md
    sha256: 9a004131782faf3477900984f26f36e6d1997cca7f04e6b672552048d1fd65b4
  - path:   .claude/skills/tdd-pro-bash32-portability/SKILL.md
    sha256: 10d07ac999b194b63291511ef8423ec2ef72012ec3d82c7ca6615944d0d427a7

last_synced_at:      2026-06-30T00:00:00Z
last_synced_session: "TICKET-098 pin bump 230e99d→4668c2e (v1.18 §28.40-28.69 Consumer Compatibility Contract + 80-tool composite engine + single-config surface + native/universal enforcement + govern-before-write + EO-security build-out) per ADR-0072"
