# claude-tdd-pro plugin lock file
#
# This file is the source-of-truth pin for the upstream claude-tdd-pro plugin
# consumed by this repo. It is the operational form of architectural rule R-2
# ("versioned consumption, by reference") and the unit-of-bump for rule R-5
# ("contract changes are bilateral and explicit").
#
# Update via:  scripts/sync-plugin.sh --update
# Check via:   scripts/sync-plugin.sh --check  (run automatically at SessionStart)
#
# Any --update that changes a contract_surface_files entry requires an ADR.
# See: docs/architecture-principles.md §15, docs/plugin-sync.md
#
# DO NOT edit by hand unless you also write an ADR.

schema_version: 1

upstream_repo:   https://github.com/drumfiend21/claude-tdd-pro
pinned_branch:   main
pinned_commit:   43ea6926a0478a0d00cb4f1ad381670261162d84
pinned_at:       2026-07-06T05:43:50+00:00
pinned_message:  "Merge: §30.2 precise cloud classification + IaC probe coverage + transparency"

# The contract surface — files in upstream this repo's architecture depends on.
# Each entry is hashed at pin time; sync-plugin.sh re-hashes upstream HEAD and
# compares. Hash drift on ANY of these files = a contract-surface change =
# requires an ADR before bumping the pin.
contract_surface_files:
  - path:   CLAUDE.md
    sha256: 814e43c20a0809582f56d4d597d20d2993ff51e180823ffac07f6cfb579c48da
  - path:   docs/architecture-v1.9.md
    sha256: 62e87bc4e0a9a4879a3ac51f5d96d4557a5efabea54aa52307dfc0481f53f001
  - path:   .claude/skills/tdd-pro-cl-workflow/SKILL.md
    sha256: 82e6dc5d7e827e0bd83080a63869ce5de13a04c1570aeb2a794607ba8a4de924
  - path:   .claude/skills/tdd-pro-batch-cl/SKILL.md
    sha256: 9a004131782faf3477900984f26f36e6d1997cca7f04e6b672552048d1fd65b4
  - path:   .claude/skills/tdd-pro-bash32-portability/SKILL.md
    sha256: 10d07ac999b194b63291511ef8423ec2ef72012ec3d82c7ca6615944d0d427a7

last_synced_at:      2026-07-05T13:00:00Z
last_synced_session: "Pin bump c23e5fe→43ea692 (CTP CL-548: §30.2 precise cloud classification + IaC probe coverage + coverage transparency — closes the KATA-flagged silent-unprobed IaC-namespaces gap; classifier no longer over-scopes clouds on generic Terraform signal — new aws-platform/azure-platform/gcp-platform/cloudformation/config-management types fire on cloud-specific signals; grounded probe groups added for azure (region + landing-zone via azure-well-architected + azure-architecture-center), gcp (region + project-structure via gcp-architecture-framework + gcp-architecture-center), cfn (stack-policy + drift-detection via aws-cloudformation-best-practices); unprobed_in_scope field surfaces remaining unprobed in-scope namespaces on --classify + run marker + persisted workload_classification — no in-scope namespace can be silently unprobed again; v1.0 + v1.1 profiles byte-identical; architecture-v1.9.md +11/-0 §30.2 amendment; 3× SKILL.md + CLAUDE.md byte-identical; consumer-surface reshape is narrow + additive — --validate-profile tolerates unprobed_in_scope as an optional key) per ADR-0089."
